
Microsoft Visual Studio Solution File, Format Version 12.00
# Visual Studio Version 16
VisualStudioVersion = 16.0.31702.278
MinimumVisualStudioVersion = 10.0.40219.1
Project("{9A19103F-16F7-4668-BE54-9A1E7A4F7556}") = "SkipAuthenticationSchemes", "SkipAuthenticationSchemes\SkipAuthenticationSchemes.csproj", "{80EA9E13-8B47-49B9-B681-3965EF4A35B4}"
EndProject
Project("{2150E333-8FDC-42A3-9474-1A3956D46DE8}") = "Solution Items", "Solution Items", "{8DA02B8C-0D92-4FDA-9F25-E274336E9D98}"
	ProjectSection(SolutionItems) = preProject
		.gitignore = .gitignore
		LICENSE = LICENSE
		README.md = README.md
	EndProjectSection
EndProject
Project("{9A19103F-16F7-4668-BE54-9A1E7A4F7556}") = "SkipAuthenticationSchemes.Integration.Tests", "SkipAuthenticationSchemes.Integration.Tests\SkipAuthenticationSchemes.Integration.Tests.csproj", "{0BF994B2-EAEE-4D74-B349-BB9631D5FE4F}"
EndProject
Global
	GlobalSection(SolutionConfigurationPlatforms) = preSolution
		Debug|Any CPU = Debug|Any CPU
		Release|Any CPU = Release|Any CPU
	EndGlobalSection
	GlobalSection(ProjectConfigurationPlatforms) = postSolution
		{80EA9E13-8B47-49B9-B681-3965EF4A35B4}.Debug|Any CPU.ActiveCfg = Debug|Any CPU
		{80EA9E13-8B47-49B9-B681-3965EF4A35B4}.Debug|Any CPU.Build.0 = Debug|Any CPU
		{80EA9E13-8B47-49B9-B681-3965EF4A35B4}.Release|Any CPU.ActiveCfg = Release|Any CPU
		{80EA9E13-8B47-49B9-B681-3965EF4A35B4}.Release|Any CPU.Build.0 = Release|Any CPU
		{0BF994B2-EAEE-4D74-B349-BB9631D5FE4F}.Debug|Any CPU.ActiveCfg = Debug|Any CPU
		{0BF994B2-EAEE-4D74-B349-BB9631D5FE4F}.Debug|Any CPU.Build.0 = Debug|Any CPU
		{0BF994B2-EAEE-4D74-B349-BB9631D5FE4F}.Release|Any CPU.ActiveCfg = Release|Any CPU
		{0BF994B2-EAEE-4D74-B349-BB9631D5FE4F}.Release|Any CPU.Build.0 = Release|Any CPU
	EndGlobalSection
	GlobalSection(SolutionProperties) = preSolution
		HideSolutionNode = FALSE
	EndGlobalSection
	GlobalSection(ExtensibilityGlobals) = postSolution
		SolutionGuid = {6FBDA945-FA3D-4589-A8F7-6164DA78BE5A}
	EndGlobalSection
EndGlobal
